# This file is generated by running "yarn install" inside your project.
# Manual changes might be lost - proceed with caution!

__metadata:
  version: 6
  cacheKey: 8

"@types/node@npm:^18.11.0":
  version: 18.11.0
  resolution: "@types/node@npm:18.11.0"
  checksum: f27f899ab428e5732f04fadadc9203f44bdf3abf56474540ee27da90e4f2ba133faf87263cada4d2271955f92ee6a142bd50683c86290fe5070c19aac44fd654
  languageName: node
  linkType: hard

"@types/vscode@npm:^1.72.0":
  version: 1.72.0
  resolution: "@types/vscode@npm:1.72.0"
  checksum: 590ec21d01d737176f231fde1cafae31e9774891cc3c89cc7167167c0d88a91547c5a9f2103f4e778804f4f55724e9e1d2e3499448e8cea0d33786a1c728e4b6
  languageName: node
  linkType: hard

"balanced-match@npm:^1.0.0":
  version: 1.0.2
  resolution: "balanced-match@npm:1.0.2"
  checksum: 9706c088a283058a8a99e0bf91b0a2f75497f185980d9ffa8b304de1d9e58ebda7c72c07ebf01dadedaac5b2907b2c6f566f660d62bd336c3468e960403b9d65
  languageName: node
  linkType: hard

"brace-expansion@npm:^1.1.7":
  version: 1.1.11
  resolution: "brace-expansion@npm:1.1.11"
  dependencies:
    balanced-match: ^1.0.0
    concat-map: 0.0.1
  checksum: faf34a7bb0c3fcf4b59c7808bc5d2a96a40988addf2e7e09dfbb67a2251800e0d14cd2bfc1aa79174f2f5095c54ff27f46fb1289fe2d77dac755b5eb3434cc07
  languageName: node
  linkType: hard

"concat-map@npm:0.0.1":
  version: 0.0.1
  resolution: "concat-map@npm:0.0.1"
  checksum: 902a9f5d8967a3e2faf138d5cb784b9979bad2e6db5357c5b21c568df4ebe62bcb15108af1b2253744844eb964fc023fbd9afbbbb6ddd0bcc204c6fb5b7bf3af
  languageName: node
  linkType: hard

"lru-cache@npm:^6.0.0":
  version: 6.0.0
  resolution: "lru-cache@npm:6.0.0"
  dependencies:
    yallist: ^4.0.0
  checksum: f97f499f898f23e4585742138a22f22526254fdba6d75d41a1c2526b3b6cc5747ef59c5612ba7375f42aca4f8461950e925ba08c991ead0651b4918b7c978297
  languageName: node
  linkType: hard

"minimatch@npm:^3.0.4":
  version: 3.1.2
  resolution: "minimatch@npm:3.1.2"
  dependencies:
    brace-expansion: ^1.1.7
  checksum: c154e566406683e7bcb746e000b84d74465b3a832c45d59912b9b55cd50dee66e5c4b1e5566dba26154040e51672f9aa450a9aef0c97cfc7336b78b7afb9540a
  languageName: node
  linkType: hard

"piqued-lsp@workspace:.":
  version: 0.0.0-use.local
  resolution: "piqued-lsp@workspace:."
  dependencies:
    "@types/node": ^18.11.0
    "@types/vscode": ^1.72.0
    typescript: ^4.8.4
    vscode-languageclient: ^8.0.2
  languageName: unknown
  linkType: soft

"semver@npm:^7.3.5":
  version: 7.3.8
  resolution: "semver@npm:7.3.8"
  dependencies:
    lru-cache: ^6.0.0
  bin:
    semver: bin/semver.js
  checksum: ba9c7cbbf2b7884696523450a61fee1a09930d888b7a8d7579025ad93d459b2d1949ee5bbfeb188b2be5f4ac163544c5e98491ad6152df34154feebc2cc337c1
  languageName: node
  linkType: hard

"typescript@npm:^4.8.4":
  version: 4.8.4
  resolution: "typescript@npm:4.8.4"
  bin:
    tsc: bin/tsc
    tsserver: bin/tsserver
  checksum: 3e4f061658e0c8f36c820802fa809e0fd812b85687a9a2f5430bc3d0368e37d1c9605c3ce9b39df9a05af2ece67b1d844f9f6ea8ff42819f13bcb80f85629af0
  languageName: node
  linkType: hard

"typescript@patch:typescript@^4.8.4#~builtin<compat/typescript>":
  version: 4.8.4
  resolution: "typescript@patch:typescript@npm%3A4.8.4#~builtin<compat/typescript>::version=4.8.4&hash=701156"
  bin:
    tsc: bin/tsc
    tsserver: bin/tsserver
  checksum: 301459fc3eb3b1a38fe91bf96d98eb55da88a9cb17b4ef80b4d105d620f4d547ba776cc27b44cc2ef58b66eda23fe0a74142feb5e79a6fb99f54fc018a696afa
  languageName: node
  linkType: hard

"vscode-jsonrpc@npm:8.0.2":
  version: 8.0.2
  resolution: "vscode-jsonrpc@npm:8.0.2"
  checksum: 9d055fd4c87ef1093b0eecb5370bfaf3402179b6639149b6d0f7e0bde60cf580091c7e07b0caff868f10f90331b17e7383c087217c077fdd1b5ae7bc23b72f77
  languageName: node
  linkType: hard

"vscode-languageclient@npm:^8.0.2":
  version: 8.0.2
  resolution: "vscode-languageclient@npm:8.0.2"
  dependencies:
    minimatch: ^3.0.4
    semver: ^7.3.5
    vscode-languageserver-protocol: 3.17.2
  checksum: 3a145605a3cdb2855a2a771d6b8e75e72a1ca5aa32e091933c2f0e6f7b8fc1a45a9ea79b434001ad8af6b8cdb4ef88ff92fbb128b37988ebb21cac1b60cd44c3
  languageName: node
  linkType: hard

"vscode-languageserver-protocol@npm:3.17.2":
  version: 3.17.2
  resolution: "vscode-languageserver-protocol@npm:3.17.2"
  dependencies:
    vscode-jsonrpc: 8.0.2
    vscode-languageserver-types: 3.17.2
  checksum: f4a05d3a631af315a32a3700953c2117fa4e5c44bc03764154c6605da9cbbcb50a1b01b46f11b2f6948916d01b4948bebf1a84c135fc73b27fa839c58d0847ab
  languageName: node
  linkType: hard

"vscode-languageserver-types@npm:3.17.2":
  version: 3.17.2
  resolution: "vscode-languageserver-types@npm:3.17.2"
  checksum: ef2d862d22f622b64de0f428773d50a5928ec6cdd485960a7564ebe4fd4a3c8bcd956f29eb15bc45a0f353846e62f39f6c764d2ab85ce774b8724411ba84342f
  languageName: node
  linkType: hard

"yallist@npm:^4.0.0":
  version: 4.0.0
  resolution: "yallist@npm:4.0.0"
  checksum: 343617202af32df2a15a3be36a5a8c0c8545208f3d3dfbc6bb7c3e3b7e8c6f8e7485432e4f3b88da3031a6e20afa7c711eded32ddfb122896ac5d914e75848d5
  languageName: node
  linkType: hard
