# This file is generated by running "yarn install" inside your project.
# Manual changes might be lost - proceed with caution!

__metadata:
  version: 6
  cacheKey: 8

"@piqued/client@workspace:.":
  version: 0.0.0-use.local
  resolution: "@piqued/client@workspace:."
  dependencies:
    "@types/pg": ^8.6.5
    typescript: ^5.4.3
  peerDependencies:
    pg: "*"
  languageName: unknown
  linkType: soft

"@types/node@npm:*":
  version: 20.11.30
  resolution: "@types/node@npm:20.11.30"
  dependencies:
    undici-types: ~5.26.4
  checksum: 7597767aa3e44b0f1bf62efa522dd17741135f283c11de6a20ead8bb7016fb4999cc30adcd8f2bb29ebb216906c92894346ccd187de170927dc1e212d2c07c81
  languageName: node
  linkType: hard

"@types/pg@npm:^8.6.5":
  version: 8.11.4
  resolution: "@types/pg@npm:8.11.4"
  dependencies:
    "@types/node": "*"
    pg-protocol: "*"
    pg-types: ^4.0.1
  checksum: c30713a570a674dbf9b13e8c9cd1ba41ee8d1c2f0bb9ba45410084332a29df3937b57bebf3f5c34b59ea7d5267bf038dac9661780bb6fa276261f82044db0f86
  languageName: node
  linkType: hard

"obuf@npm:~1.1.2":
  version: 1.1.2
  resolution: "obuf@npm:1.1.2"
  checksum: 41a2ba310e7b6f6c3b905af82c275bf8854896e2e4c5752966d64cbcd2f599cfffd5932006bcf3b8b419dfdacebb3a3912d5d94e10f1d0acab59876c8757f27f
  languageName: node
  linkType: hard

"pg-int8@npm:1.0.1":
  version: 1.0.1
  resolution: "pg-int8@npm:1.0.1"
  checksum: a1e3a05a69005ddb73e5f324b6b4e689868a447c5fa280b44cd4d04e6916a344ac289e0b8d2695d66e8e89a7fba023affb9e0e94778770ada5df43f003d664c9
  languageName: node
  linkType: hard

"pg-numeric@npm:1.0.2":
  version: 1.0.2
  resolution: "pg-numeric@npm:1.0.2"
  checksum: 8899f8200caa1744439a8778a9eb3ceefb599d893e40a09eef84ee0d4c151319fd416634a6c0fc7b7db4ac268710042da5be700b80ef0de716fe089b8652c84f
  languageName: node
  linkType: hard

"pg-protocol@npm:*":
  version: 1.6.0
  resolution: "pg-protocol@npm:1.6.0"
  checksum: e12662d2de2011e0c3a03f6a09f435beb1025acdc860f181f18a600a5495dc38a69d753bbde1ace279c8c442536af9c1a7c11e1d0fe3fad3aa1348b28d9d2683
  languageName: node
  linkType: hard

"pg-types@npm:^4.0.1":
  version: 4.0.2
  resolution: "pg-types@npm:4.0.2"
  dependencies:
    pg-int8: 1.0.1
    pg-numeric: 1.0.2
    postgres-array: ~3.0.1
    postgres-bytea: ~3.0.0
    postgres-date: ~2.1.0
    postgres-interval: ^3.0.0
    postgres-range: ^1.1.1
  checksum: c4b813382d4a75f87462fab3245d5422b86ba1a54a1b330e6b43a459c127b4d02553dc7e5b4ae4fa0f5f17971d416eb393810f69ff6d30d986e45c2f20778c55
  languageName: node
  linkType: hard

"postgres-array@npm:~3.0.1":
  version: 3.0.2
  resolution: "postgres-array@npm:3.0.2"
  checksum: 5955f9dffeb6fa960c1a0b04fd4b2ba16813ddb636934ad26f902e4d76a91c0b743dcc6edc4cffc52deba7d547505e0020adea027c1d50a774f989cf955420d1
  languageName: node
  linkType: hard

"postgres-bytea@npm:~3.0.0":
  version: 3.0.0
  resolution: "postgres-bytea@npm:3.0.0"
  dependencies:
    obuf: ~1.1.2
  checksum: 5f917a003fcaa0df7f285e1c37108ad474ce91193466b9bd4bcaecef2cdea98ca069c00aa6a8dbe6d2e7192336cadc3c9b36ae48d1555a299521918e00e2936b
  languageName: node
  linkType: hard

"postgres-date@npm:~2.1.0":
  version: 2.1.0
  resolution: "postgres-date@npm:2.1.0"
  checksum: 5c573b0602e17c6134fd8bc8ac7689ac0302e1b199f15dd3578fc45186f206dbd0609f97bf0e4bd1db62234d7a37f29c04f4df525f7efebb9304363b2efca272
  languageName: node
  linkType: hard

"postgres-interval@npm:^3.0.0":
  version: 3.0.0
  resolution: "postgres-interval@npm:3.0.0"
  checksum: c7a1cf006de97de663b6b8c4d2b167aa9909a238c4866a94b15d303762f5ac884ff4796cd6e2111b7f0a91302b83c570453aa8506fd005b5a5d5dfa87441bebc
  languageName: node
  linkType: hard

"postgres-range@npm:^1.1.1":
  version: 1.1.4
  resolution: "postgres-range@npm:1.1.4"
  checksum: 460af8c882a50e2c3d08ede5d5ee9e5e5a99dcf471e3ed55b4c17cad62dc85177b51bb8105b626a9c73de9edcba934e86665923b0d86e1c8e1f55d3e0f3530c6
  languageName: node
  linkType: hard

"typescript@npm:^5.4.3":
  version: 5.4.3
  resolution: "typescript@npm:5.4.3"
  bin:
    tsc: bin/tsc
    tsserver: bin/tsserver
  checksum: d74d731527e35e64d8d2dcf2f897cf8cfbc3428be0ad7c48434218ba4ae41239f53be7c90714089db1068c05cae22436af2ecba71fd36ecc5e7a9118af060198
  languageName: node
  linkType: hard

"typescript@patch:typescript@^5.4.3#~builtin<compat/typescript>":
  version: 5.4.3
  resolution: "typescript@patch:typescript@npm%3A5.4.3#~builtin<compat/typescript>::version=5.4.3&hash=d73830"
  bin:
    tsc: bin/tsc
    tsserver: bin/tsserver
  checksum: 3a62fe90aa79d68c9ce38ea5edb2957e62801c733b99f0e5a2b8b50922761f68f7d9a40d28c544b449866e81185cddb93cba2496d0ff3fa52ef5b1f8bcace38c
  languageName: node
  linkType: hard

"undici-types@npm:~5.26.4":
  version: 5.26.5
  resolution: "undici-types@npm:5.26.5"
  checksum: 3192ef6f3fd5df652f2dc1cd782b49d6ff14dc98e5dced492aa8a8c65425227da5da6aafe22523c67f035a272c599bb89cfe803c1db6311e44bed3042fc25487
  languageName: node
  linkType: hard
